// !$*UTF8*$!
{
	archiveVersion = 1;
	classes = {
	};
	objectVersion = 46;
	objects = {

/* Begin PBXBuildFile section */
		2C641DE81A362C2200398421 /* main.m in Sources */ = {isa = PBXBuildFile; fileRef = 2C641DE71A362C2200398421 /* main.m */; };
		2C641DEB1A362C2200398421 /* AppDelegate.m in Sources */ = {isa = PBXBuildFile; fileRef = 2C641DEA1A362C2200398421 /* AppDelegate.m */; };
		2C641DF11A362C2200398421 /* Main.storyboard in Resources */ = {isa = PBXBuildFile; fileRef = 2C641DEF1A362C2200398421 /* Main.storyboard */; };
		2C641DF31A362C2200398421 /* Images.xcassets in Resources */ = {isa = PBXBuildFile; fileRef = 2C641DF21A362C2200398421 /* Images.xcassets */; };
		2C641DF61A362C2200398421 /* LaunchScreen.xib in Resources */ = {isa = PBXBuildFile; fileRef = 2C641DF41A362C2200398421 /* LaunchScreen.xib */; };
		2C641E021A362C2200398421 /* DropItiOS8Tests.m in Sources */ = {isa = PBXBuildFile; fileRef = 2C641E011A362C2200398421 /* DropItiOS8Tests.m */; };
		2C641E0D1A362C6700398421 /* DroptItViewController.m in Sources */ = {isa = PBXBuildFile; fileRef = 2C641E0C1A362C6700398421 /* DroptItViewController.m */; };
		2C641E101A3630E200398421 /* DropitBehavior.m in Sources */ = {isa = PBXBuildFile; fileRef = 2C641E0F1A3630E200398421 /* DropitBehavior.m */; };
		2C641E131A364BFB00398421 /* BezierPathView.m in Sources */ = {isa = PBXBuildFile; fileRef = 2C641E121A364BFB00398421 /* BezierPathView.m */; };
/* End PBXBuildFile section */

/* Begin PBXContainerItemProxy section */
		2C641DFC1A362C2200398421 /* PBXContainerItemProxy */ = {
			isa = PBXContainerItemProxy;
			containerPortal = 2C641DDA1A362C2200398421 /* Project object */;
			proxyType = 1;
			remoteGlobalIDString = 2C641DE11A362C2200398421;
			remoteInfo = DropItiOS8;
		};
/* End PBXContainerItemProxy section */

/* Begin PBXFileReference section */
		2C641DE21A362C2200398421 /* DropItiOS8.app */ = {isa = PBXFileReference; explicitFileType = wrapper.application; includeInIndex = 0; path = DropItiOS8.app; sourceTree = BUILT_PRODUCTS_DIR; };
		2C641DE61A362C2200398421 /* Info.plist */ = {isa = PBXFileReference; lastKnownFileType = text.plist.xml; path = Info.plist; sourceTree = "<group>"; };
		2C641DE71A362C2200398421 /* main.m */ = {isa = PBXFileReference; lastKnownFileType = sourcecode.c.objc; path = main.m; sourceTree = "<group>"; };
		2C641DE91A362C2200398421 /* AppDelegate.h */ = {isa = PBXFileReference; lastKnownFileType = sourcecode.c.h; path = AppDelegate.h; sourceTree = "<group>"; };
		2C641DEA1A362C2200398421 /* AppDelegate.m */ = {isa = PBXFileReference; lastKnownFileType = sourcecode.c.objc; path = AppDelegate.m; sourceTree = "<group>"; };
		2C641DF01A362C2200398421 /* Base */ = {isa = PBXFileReference; lastKnownFileType = file.storyboard; name = Base; path = Base.lproj/Main.storyboard; sourceTree = "<group>"; };
		2C641DF21A362C2200398421 /* Images.xcassets */ = {isa = PBXFileReference; lastKnownFileType = folder.assetcatalog; path = Images.xcassets; sourceTree = "<group>"; };
		2C641DF51A362C2200398421 /* Base */ = {isa = PBXFileReference; lastKnownFileType = file.xib; name = Base; path = Base.lproj/LaunchScreen.xib; sourceTree = "<group>"; };
		2C641DFB1A362C2200398421 /* DropItiOS8Tests.xctest */ = {isa = PBXFileReference; explicitFileType = wrapper.cfbundle; includeInIndex = 0; path = DropItiOS8Tests.xctest; sourceTree = BUILT_PRODUCTS_DIR; };
		2C641E001A362C2200398421 /* Info.plist */ = {isa = PBXFileReference; lastKnownFileType = text.plist.xml; path = Info.plist; sourceTree = "<group>"; };
		2C641E011A362C2200398421 /* DropItiOS8Tests.m */ = {isa = PBXFileReference; lastKnownFileType = sourcecode.c.objc; path = DropItiOS8Tests.m; sourceTree = "<group>"; };
		2C641E0B1A362C6700398421 /* DroptItViewController.h */ = {isa = PBXFileReference; fileEncoding = 4; lastKnownFileType = sourcecode.c.h; path = DroptItViewController.h; sourceTree = "<group>"; };
		2C641E0C1A362C6700398421 /* DroptItViewController.m */ = {isa = PBXFileReference; fileEncoding = 4; lastKnownFileType = sourcecode.c.objc; path = DroptItViewController.m; sourceTree = "<group>"; };
		2C641E0E1A3630E200398421 /* DropitBehavior.h */ = {isa = PBXFileReference; fileEncoding = 4; lastKnownFileType = sourcecode.c.h; path = DropitBehavior.h; sourceTree = "<group>"; };
		2C641E0F1A3630E200398421 /* DropitBehavior.m */ = {isa = PBXFileReference; fileEncoding = 4; lastKnownFileType = sourcecode.c.objc; path = DropitBehavior.m; sourceTree = "<group>"; };
		2C641E111A364BFB00398421 /* BezierPathView.h */ = {isa = PBXFileReference; fileEncoding = 4; lastKnownFileType = sourcecode.c.h; path = BezierPathView.h; sourceTree = "<group>"; };
		2C641E121A364BFB00398421 /* BezierPathView.m */ = {isa = PBXFileReference; fileEncoding = 4; lastKnownFileType = sourcecode.c.objc; path = BezierPathView.m; sourceTree = "<group>"; };
/* End PBXFileReference section */

/* Begin PBXFrameworksBuildPhase section */
		2C641DDF1A362C2200398421 /* Frameworks */ = {
			isa = PBXFrameworksBuildPhase;
			buildActionMask = 2147483647;
			files = (
			);
			runOnlyForDeploymentPostprocessing = 0;
		};
		2C641DF81A362C2200398421 /* Frameworks */ = {
			isa = PBXFrameworksBuildPhase;
			buildActionMask = 2147483647;
			files = (
			);
			runOnlyForDeploymentPostprocessing = 0;
		};
/* End PBXFrameworksBuildPhase section */

/* Begin PBXGroup section */
		2C641DD91A362C2200398421 = {
			isa = PBXGroup;
			children = (
				2C641DE41A362C2200398421 /* DropItiOS8 */,
				2C641DFE1A362C2200398421 /* DropItiOS8Tests */,
				2C641DE31A362C2200398421 /* Products */,
			);
			sourceTree = "<group>";
		};
		2C641DE31A362C2200398421 /* Products */ = {
			isa = PBXGroup;
			children = (
				2C641DE21A362C2200398421 /* DropItiOS8.app */,
				2C641DFB1A362C2200398421 /* DropItiOS8Tests.xctest */,
			);
			name = Products;
			sourceTree = "<group>";
		};
		2C641DE41A362C2200398421 /* DropItiOS8 */ = {
			isa = PBXGroup;
			children = (
				2C641DE91A362C2200398421 /* AppDelegate.h */,
				2C641DEA1A362C2200398421 /* AppDelegate.m */,
				2C641DEF1A362C2200398421 /* Main.storyboard */,
				2C641E0E1A3630E200398421 /* DropitBehavior.h */,
				2C641E0F1A3630E200398421 /* DropitBehavior.m */,
				2C641E0B1A362C6700398421 /* DroptItViewController.h */,
				2C641E0C1A362C6700398421 /* DroptItViewController.m */,
				2C641E111A364BFB00398421 /* BezierPathView.h */,
				2C641E121A364BFB00398421 /* BezierPathView.m */,
				2C641DF21A362C2200398421 /* Images.xcassets */,
				2C641DF41A362C2200398421 /* LaunchScreen.xib */,
				2C641DE51A362C2200398421 /* Supporting Files */,
			);
			path = DropItiOS8;
			sourceTree = "<group>";
		};
		2C641DE51A362C2200398421 /* Supporting Files */ = {
			isa = PBXGroup;
			children = (
				2C641DE61A362C2200398421 /* Info.plist */,
				2C641DE71A362C2200398421 /* main.m */,
			);
			name = "Supporting Files";
			sourceTree = "<group>";
		};
		2C641DFE1A362C2200398421 /* DropItiOS8Tests */ = {
			isa = PBXGroup;
			children = (
				2C641E011A362C2200398421 /* DropItiOS8Tests.m */,
				2C641DFF1A362C2200398421 /* Supporting Files */,
			);
			path = DropItiOS8Tests;
			sourceTree = "<group>";
		};
		2C641DFF1A362C2200398421 /* Supporting Files */ = {
			isa = PBXGroup;
			children = (
				2C641E001A362C2200398421 /* Info.plist */,
			);
			name = "Supporting Files";
			sourceTree = "<group>";
		};
/* End PBXGroup section */

/* Begin PBXNativeTarget section */
		2C641DE11A362C2200398421 /* DropItiOS8 */ = {
			isa = PBXNativeTarget;
			buildConfigurationList = 2C641E051A362C2200398421 /* Build configuration list for PBXNativeTarget "DropItiOS8" */;
			buildPhases = (
				2C641DDE1A362C2200398421 /* Sources */,
				2C641DDF1A362C2200398421 /* Frameworks */,
				2C641DE01A362C2200398421 /* Resources */,
			);
			buildRules = (
			);
			dependencies = (
			);
			name = DropItiOS8;
			productName = DropItiOS8;
			productReference = 2C641DE21A362C2200398421 /* DropItiOS8.app */;
			productType = "com.apple.product-type.application";
		};
		2C641DFA1A362C2200398421 /* DropItiOS8Tests */ = {
			isa = PBXNativeTarget;
			buildConfigurationList = 2C641E081A362C2200398421 /* Build configuration list for PBXNativeTarget "DropItiOS8Tests" */;
			buildPhases = (
				2C641DF71A362C2200398421 /* Sources */,
				2C641DF81A362C2200398421 /* Frameworks */,
				2C641DF91A362C2200398421 /* Resources */,
			);
			buildRules = (
			);
			dependencies = (
				2C641DFD1A362C2200398421 /* PBXTargetDependency */,
			);
			name = DropItiOS8Tests;
			productName = DropItiOS8Tests;
			productReference = 2C641DFB1A362C2200398421 /* DropItiOS8Tests.xctest */;
			productType = "com.apple.product-type.bundle.unit-test";
		};
/* End PBXNativeTarget section */

/* Begin PBXProject section */
		2C641DDA1A362C2200398421 /* Project object */ = {
			isa = PBXProject;
			attributes = {
				LastUpgradeCheck = 0600;
				ORGANIZATIONNAME = "Yan Zverev";
				TargetAttributes = {
					2C641DE11A362C2200398421 = {
						CreatedOnToolsVersion = 6.0.1;
					};
					2C641DFA1A362C2200398421 = {
						CreatedOnToolsVersion = 6.0.1;
						TestTargetID = 2C641DE11A362C2200398421;
					};
				};
			};
			buildConfigurationList = 2C641DDD1A362C2200398421 /* Build configuration list for PBXProject "DropItiOS8" */;
			compatibilityVersion = "Xcode 3.2";
			developmentRegion = English;
			hasScannedForEncodings = 0;
			knownRegions = (
				en,
				Base,
			);
			mainGroup = 2C641DD91A362C2200398421;
			productRefGroup = 2C641DE31A362C2200398421 /* Products */;
			projectDirPath = "";
			projectRoot = "";
			targets = (
				2C641DE11A362C2200398421 /* DropItiOS8 */,
				2C641DFA1A362C2200398421 /* DropItiOS8Tests */,
			);
		};
/* End PBXProject section */

/* Begin PBXResourcesBuildPhase section */
		2C641DE01A362C2200398421 /* Resources */ = {
			isa = PBXResourcesBuildPhase;
			buildActionMask = 2147483647;
			files = (
				2C641DF11A362C2200398421 /* Main.storyboard in Resources */,
				2C641DF61A362C2200398421 /* LaunchScreen.xib in Resources */,
				2C641DF31A362C2200398421 /* Images.xcassets in Resources */,
			);
			runOnlyForDeploymentPostprocessing = 0;
		};
		2C641DF91A362C2200398421 /* Resources */ = {
			isa = PBXResourcesBuildPhase;
			buildActionMask = 2147483647;
			files = (
			);
			runOnlyForDeploymentPostprocessing = 0;
		};
/* End PBXResourcesBuildPhase section */

/* Begin PBXSourcesBuildPhase section */
		2C641DDE1A362C2200398421 /* Sources */ = {
			isa = PBXSourcesBuildPhase;
			buildActionMask = 2147483647;
			files = (
				2C641DEB1A362C2200398421 /* AppDelegate.m in Sources */,
				2C641E101A3630E200398421 /* DropitBehavior.m in Sources */,
				2C641E131A364BFB00398421 /* BezierPathView.m in Sources */,
				2C641DE81A362C2200398421 /* main.m in Sources */,
				2C641E0D1A362C6700398421 /* DroptItViewController.m in Sources */,
			);
			runOnlyForDeploymentPostprocessing = 0;
		};
		2C641DF71A362C2200398421 /* Sources */ = {
			isa = PBXSourcesBuildPhase;
			buildActionMask = 2147483647;
			files = (
				2C641E021A362C2200398421 /* DropItiOS8Tests.m in Sources */,
			);
			runOnlyForDeploymentPostprocessing = 0;
		};
/* End PBXSourcesBuildPhase section */

/* Begin PBXTargetDependency section */
		2C641DFD1A362C2200398421 /* PBXTargetDependency */ = {
			isa = PBXTargetDependency;
			target = 2C641DE11A362C2200398421 /* DropItiOS8 */;
			targetProxy = 2C641DFC1A362C2200398421 /* PBXContainerItemProxy */;
		};
/* End PBXTargetDependency section */

/* Begin PBXVariantGroup section */
		2C641DEF1A362C2200398421 /* Main.storyboard */ = {
			isa = PBXVariantGroup;
			children = (
				2C641DF01A362C2200398421 /* Base */,
			);
			name = Main.storyboard;
			sourceTree = "<group>";
		};
		2C641DF41A362C2200398421 /* LaunchScreen.xib */ = {
			isa = PBXVariantGroup;
			children = (
				2C641DF51A362C2200398421 /* Base */,
			);
			name = LaunchScreen.xib;
			sourceTree = "<group>";
		};
/* End PBXVariantGroup section */

/* Begin XCBuildConfiguration section */
		2C641E031A362C2200398421 /* Debug */ = {
			isa = XCBuildConfiguration;
			buildSettings = {
				ALWAYS_SEARCH_USER_PATHS = NO;
				CLANG_CXX_LANGUAGE_STANDARD = "gnu++0x";
				CLANG_CXX_LIBRARY = "libc++";
				CLANG_ENABLE_MODULES = YES;
				CLANG_ENABLE_OBJC_ARC = YES;
				CLANG_WARN_BOOL_CONVERSION = YES;
				CLANG_WARN_CONSTANT_CONVERSION = YES;
				CLANG_WARN_DIRECT_OBJC_ISA_USAGE = YES_ERROR;
				CLANG_WARN_EMPTY_BODY = YES;
				CLANG_WARN_ENUM_CONVERSION = YES;
				CLANG_WARN_INT_CONVERSION = YES;
				CLANG_WARN_OBJC_ROOT_CLASS = YES_ERROR;
				CLANG_WARN_UNREACHABLE_CODE = YES;
				CLANG_WARN__DUPLICATE_METHOD_MATCH = YES;
				"CODE_SIGN_IDENTITY[sdk=iphoneos*]" = "iPhone Developer";
				COPY_PHASE_STRIP = NO;
				ENABLE_STRICT_OBJC_MSGSEND = YES;
				GCC_C_LANGUAGE_STANDARD = gnu99;
				GCC_DYNAMIC_NO_PIC = NO;
				GCC_OPTIMIZATION_LEVEL = 0;
				GCC_PREPROCESSOR_DEFINITIONS = (
					"DEBUG=1",
					"$(inherited)",
				);
				GCC_SYMBOLS_PRIVATE_EXTERN = NO;
				GCC_WARN_64_TO_32_BIT_CONVERSION = YES;
				GCC_WARN_ABOUT_RETURN_TYPE = YES_ERROR;
				GCC_WARN_UNDECLARED_SELECTOR = YES;
				GCC_WARN_UNINITIALIZED_AUTOS = YES_AGGRESSIVE;
				GCC_WARN_UNUSED_FUNCTION = YES;
				GCC_WARN_UNUSED_VARIABLE = YES;
				IPHONEOS_DEPLOYMENT_TARGET = 8.0;
				MTL_ENABLE_DEBUG_INFO = YES;
				ONLY_ACTIVE_ARCH = YES;
				SDKROOT = iphoneos;
			};
			name = Debug;
		};
		2C641E041A362C2200398421 /* Release */ = {
			isa = XCBuildConfiguration;
			buildSettings = {
				ALWAYS_SEARCH_USER_PATHS = NO;
				CLANG_CXX_LANGUAGE_STANDARD = "gnu++0x";
				CLANG_CXX_LIBRARY = "libc++";
				CLANG_ENABLE_MODULES = YES;
				CLANG_ENABLE_OBJC_ARC = YES;
				CLANG_WARN_BOOL_CONVERSION = YES;
				CLANG_WARN_CONSTANT_CONVERSION = YES;
				CLANG_WARN_DIRECT_OBJC_ISA_USAGE = YES_ERROR;
				CLANG_WARN_EMPTY_BODY = YES;
				CLANG_WARN_ENUM_CONVERSION = YES;
				CLANG_WARN_INT_CONVERSION = YES;
				CLANG_WARN_OBJC_ROOT_CLASS = YES_ERROR;
				CLANG_WARN_UNREACHABLE_CODE = YES;
				CLANG_WARN__DUPLICATE_METHOD_MATCH = YES;
				"CODE_SIGN_IDENTITY[sdk=iphoneos*]" = "iPhone Developer";
				COPY_PHASE_STRIP = YES;
				ENABLE_NS_ASSERTIONS = NO;
				ENABLE_STRICT_OBJC_MSGSEND = YES;
				GCC_C_LANGUAGE_STANDARD = gnu99;
				GCC_WARN_64_TO_32_BIT_CONVERSION = YES;
				GCC_WARN_ABOUT_RETURN_TYPE = YES_ERROR;
				GCC_WARN_UNDECLARED_SELECTOR = YES;
				GCC_WARN_UNINITIALIZED_AUTOS = YES_AGGRESSIVE;
				GCC_WARN_UNUSED_FUNCTION = YES;
				GCC_WARN_UNUSED_VARIABLE = YES;
				IPHONEOS_DEPLOYMENT_TARGET = 8.0;
				MTL_ENABLE_DEBUG_INFO = NO;
				SDKROOT = iphoneos;
				VALIDATE_PRODUCT = YES;
			};
			name = Release;
		};
		2C641E061A362C2200398421 /* Debug */ = {
			isa = XCBuildConfiguration;
			buildSettings = {
				ASSETCATALOG_COMPILER_APPICON_NAME = AppIcon;
				INFOPLIST_FILE = DropItiOS8/Info.plist;
				LD_RUNPATH_SEARCH_PATHS = "$(inherited) @executable_path/Frameworks";
				PRODUCT_NAME = "$(TARGET_NAME)";
			};
			name = Debug;
		};
		2C641E071A362C2200398421 /* Release */ = {
			isa = XCBuildConfiguration;
			buildSettings = {
				ASSETCATALOG_COMPILER_APPICON_NAME = AppIcon;
				INFOPLIST_FILE = DropItiOS8/Info.plist;
				LD_RUNPATH_SEARCH_PATHS = "$(inherited) @executable_path/Frameworks";
				PRODUCT_NAME = "$(TARGET_NAME)";
			};
			name = Release;
		};
		2C641E091A362C2200398421 /* Debug */ = {
			isa = XCBuildConfiguration;
			buildSettings = {
				BUNDLE_LOADER = "$(TEST_HOST)";
				FRAMEWORK_SEARCH_PATHS = (
					"$(SDKROOT)/Developer/Library/Frameworks",
					"$(inherited)",
				);
				GCC_PREPROCESSOR_DEFINITIONS = (
					"DEBUG=1",
					"$(inherited)",
				);
				INFOPLIST_FILE = DropItiOS8Tests/Info.plist;
				LD_RUNPATH_SEARCH_PATHS = "$(inherited) @executable_path/Frameworks @loader_path/Frameworks";
				PRODUCT_NAME = "$(TARGET_NAME)";
				TEST_HOST = "$(BUILT_PRODUCTS_DIR)/DropItiOS8.app/DropItiOS8";
			};
			name = Debug;
		};
		2C641E0A1A362C2200398421 /* Release */ = {
			isa = XCBuildConfiguration;
			buildSettings = {
				BUNDLE_LOADER = "$(TEST_HOST)";
				FRAMEWORK_SEARCH_PATHS = (
					"$(SDKROOT)/Developer/Library/Frameworks",
					"$(inherited)",
				);
				INFOPLIST_FILE = DropItiOS8Tests/Info.plist;
				LD_RUNPATH_SEARCH_PATHS = "$(inherited) @executable_path/Frameworks @loader_path/Frameworks";
				PRODUCT_NAME = "$(TARGET_NAME)";
				TEST_HOST = "$(BUILT_PRODUCTS_DIR)/DropItiOS8.app/DropItiOS8";
			};
			name = Release;
		};
/* End XCBuildConfiguration section */

/* Begin XCConfigurationList section */
		2C641DDD1A362C2200398421 /* Build configuration list for PBXProject "DropItiOS8" */ = {
			isa = XCConfigurationList;
			buildConfigurations = (
				2C641E031A362C2200398421 /* Debug */,
				2C641E041A362C2200398421 /* Release */,
			);
			defaultConfigurationIsVisible = 0;
			defaultConfigurationName = Release;
		};
		2C641E051A362C2200398421 /* Build configuration list for PBXNativeTarget "DropItiOS8" */ = {
			isa = XCConfigurationList;
			buildConfigurations = (
				2C641E061A362C2200398421 /* Debug */,
				2C641E071A362C2200398421 /* Release */,
			);
			defaultConfigurationIsVisible = 0;
		};
		2C641E081A362C2200398421 /* Build configuration list for PBXNativeTarget "DropItiOS8Tests" */ = {
			isa = XCConfigurationList;
			buildConfigurations = (
				2C641E091A362C2200398421 /* Debug */,
				2C641E0A1A362C2200398421 /* Release */,
			);
			defaultConfigurationIsVisible = 0;
		};
/* End XCConfigurationList section */
	};
	rootObject = 2C641DDA1A362C2200398421 /* Project object */;
}
